
Microsoft Visual Studio Solution File, Format Version 12.00
# Visual Studio Version 17
VisualStudioVersion = 17.0.31903.59
MinimumVisualStudioVersion = 10.0.40219.1
Project("{9A19103F-16F7-4668-BE54-9A1E7A4F7556}") = "WebApp", "WebApp\WebApp.csproj", "{A01765A5-3AC6-4E8E-A87A-0DFB3CAD6572}"
EndProject
Project("{9A19103F-16F7-4668-BE54-9A1E7A4F7556}") = "DataAccess", "DataAccess\DataAccess.csproj", "{0CEDE22B-C16B-4ACD-95A8-0669B3615520}"
EndProject
Project("{9A19103F-16F7-4668-BE54-9A1E7A4F7556}") = "ClientApp", "ClientApp\ClientApp.csproj", "{84217101-74C4-4504-9BA7-D553822A1D64}"
EndProject
Project("{9A19103F-16F7-4668-BE54-9A1E7A4F7556}") = "SharedApp", "SharedApp\SharedApp.csproj", "{D2C87F32-2E95-4E36-BAFE-F01F564D307F}"
EndProject
Project("{9A19103F-16F7-4668-BE54-9A1E7A4F7556}") = "Core", "Core\Core.csproj", "{6DC00A64-02E9-4798-9A83-27D7B5F0870F}"
EndProject
Project("{9A19103F-16F7-4668-BE54-9A1E7A4F7556}") = "ClientAppAdministrador", "ClientApp_Administrador\ClientAppAdministrador.csproj", "{CF36E93A-B05F-0FC8-F8D7-47A3A2EB9207}"
EndProject
Project("{9A19103F-16F7-4668-BE54-9A1E7A4F7556}") = "Infractructure", "Infractructure\Infractructure.csproj", "{14557B92-D997-BB7A-4390-EA8068CDAC58}"
EndProject
Project("{E53339B2-1760-4266-BCC7-CA923CBCF16C}") = "docker-compose", "docker-compose.dcproj", "{17FA6547-900C-46F4-B869-A29306559354}"
EndProject
Project("{2150E333-8FDC-42A3-9474-1A3956D46DE8}") = "Tests", "Tests", "{02EA681E-C7D8-13C7-8484-4AC65E1B71E8}"
EndProject
Project("{FAE04EC0-301F-11D3-BF4B-00C04F79EFBC}") = "WebApp.Test", "Tests\WebApp.Test\WebApp.Test.csproj", "{C03416B7-91F8-4345-98E4-71B728E62EE8}"
EndProject
Project("{FAE04EC0-301F-11D3-BF4B-00C04F79EFBC}") = "Core.Test", "Tests\Core.Test\Core.Test.csproj", "{8BFEEF0F-8731-490C-9B8C-D6069B6FC192}"
EndProject
Project("{FAE04EC0-301F-11D3-BF4B-00C04F79EFBC}") = "DataAccess.Test", "Tests\DataAccess.Test\DataAccess.Test.csproj", "{7963A649-167F-47D4-84E4-34B070E6F125}"
EndProject
Project("{FAE04EC0-301F-11D3-BF4B-00C04F79EFBC}") = "BlazorE2ETests", "BlazorE2ETests\BlazorE2ETests.csproj", "{0B627C41-146A-227C-6A97-F0B7879626DA}"
EndProject
Global
	GlobalSection(SolutionConfigurationPlatforms) = preSolution
		Debug|Any CPU = Debug|Any CPU
		Release|Any CPU = Release|Any CPU
	EndGlobalSection
	GlobalSection(ProjectConfigurationPlatforms) = postSolution
		{A01765A5-3AC6-4E8E-A87A-0DFB3CAD6572}.Debug|Any CPU.ActiveCfg = Debug|Any CPU
		{A01765A5-3AC6-4E8E-A87A-0DFB3CAD6572}.Debug|Any CPU.Build.0 = Debug|Any CPU
		{A01765A5-3AC6-4E8E-A87A-0DFB3CAD6572}.Release|Any CPU.ActiveCfg = Release|Any CPU
		{A01765A5-3AC6-4E8E-A87A-0DFB3CAD6572}.Release|Any CPU.Build.0 = Release|Any CPU
		{0CEDE22B-C16B-4ACD-95A8-0669B3615520}.Debug|Any CPU.ActiveCfg = Debug|Any CPU
		{0CEDE22B-C16B-4ACD-95A8-0669B3615520}.Debug|Any CPU.Build.0 = Debug|Any CPU
		{0CEDE22B-C16B-4ACD-95A8-0669B3615520}.Release|Any CPU.ActiveCfg = Release|Any CPU
		{0CEDE22B-C16B-4ACD-95A8-0669B3615520}.Release|Any CPU.Build.0 = Release|Any CPU
		{84217101-74C4-4504-9BA7-D553822A1D64}.Debug|Any CPU.ActiveCfg = Debug|Any CPU
		{84217101-74C4-4504-9BA7-D553822A1D64}.Debug|Any CPU.Build.0 = Debug|Any CPU
		{84217101-74C4-4504-9BA7-D553822A1D64}.Release|Any CPU.ActiveCfg = Release|Any CPU
		{84217101-74C4-4504-9BA7-D553822A1D64}.Release|Any CPU.Build.0 = Release|Any CPU
		{D2C87F32-2E95-4E36-BAFE-F01F564D307F}.Debug|Any CPU.ActiveCfg = Debug|Any CPU
		{D2C87F32-2E95-4E36-BAFE-F01F564D307F}.Debug|Any CPU.Build.0 = Debug|Any CPU
		{D2C87F32-2E95-4E36-BAFE-F01F564D307F}.Release|Any CPU.ActiveCfg = Release|Any CPU
		{D2C87F32-2E95-4E36-BAFE-F01F564D307F}.Release|Any CPU.Build.0 = Release|Any CPU
		{6DC00A64-02E9-4798-9A83-27D7B5F0870F}.Debug|Any CPU.ActiveCfg = Debug|Any CPU
		{6DC00A64-02E9-4798-9A83-27D7B5F0870F}.Debug|Any CPU.Build.0 = Debug|Any CPU
		{6DC00A64-02E9-4798-9A83-27D7B5F0870F}.Release|Any CPU.ActiveCfg = Release|Any CPU
		{6DC00A64-02E9-4798-9A83-27D7B5F0870F}.Release|Any CPU.Build.0 = Release|Any CPU
		{CF36E93A-B05F-0FC8-F8D7-47A3A2EB9207}.Debug|Any CPU.ActiveCfg = Debug|Any CPU
		{CF36E93A-B05F-0FC8-F8D7-47A3A2EB9207}.Debug|Any CPU.Build.0 = Debug|Any CPU
		{CF36E93A-B05F-0FC8-F8D7-47A3A2EB9207}.Release|Any CPU.ActiveCfg = Release|Any CPU
		{CF36E93A-B05F-0FC8-F8D7-47A3A2EB9207}.Release|Any CPU.Build.0 = Release|Any CPU
		{14557B92-D997-BB7A-4390-EA8068CDAC58}.Debug|Any CPU.ActiveCfg = Debug|Any CPU
		{14557B92-D997-BB7A-4390-EA8068CDAC58}.Debug|Any CPU.Build.0 = Debug|Any CPU
		{14557B92-D997-BB7A-4390-EA8068CDAC58}.Release|Any CPU.ActiveCfg = Release|Any CPU
		{14557B92-D997-BB7A-4390-EA8068CDAC58}.Release|Any CPU.Build.0 = Release|Any CPU
		{17FA6547-900C-46F4-B869-A29306559354}.Debug|Any CPU.ActiveCfg = Debug|Any CPU
		{17FA6547-900C-46F4-B869-A29306559354}.Debug|Any CPU.Build.0 = Debug|Any CPU
		{17FA6547-900C-46F4-B869-A29306559354}.Release|Any CPU.ActiveCfg = Release|Any CPU
		{17FA6547-900C-46F4-B869-A29306559354}.Release|Any CPU.Build.0 = Release|Any CPU
		{C03416B7-91F8-4345-98E4-71B728E62EE8}.Debug|Any CPU.ActiveCfg = Debug|Any CPU
		{C03416B7-91F8-4345-98E4-71B728E62EE8}.Debug|Any CPU.Build.0 = Debug|Any CPU
		{C03416B7-91F8-4345-98E4-71B728E62EE8}.Release|Any CPU.ActiveCfg = Release|Any CPU
		{C03416B7-91F8-4345-98E4-71B728E62EE8}.Release|Any CPU.Build.0 = Release|Any CPU
		{8BFEEF0F-8731-490C-9B8C-D6069B6FC192}.Debug|Any CPU.ActiveCfg = Debug|Any CPU
		{8BFEEF0F-8731-490C-9B8C-D6069B6FC192}.Debug|Any CPU.Build.0 = Debug|Any CPU
		{8BFEEF0F-8731-490C-9B8C-D6069B6FC192}.Release|Any CPU.ActiveCfg = Release|Any CPU
		{8BFEEF0F-8731-490C-9B8C-D6069B6FC192}.Release|Any CPU.Build.0 = Release|Any CPU
		{7963A649-167F-47D4-84E4-34B070E6F125}.Debug|Any CPU.ActiveCfg = Debug|Any CPU
		{7963A649-167F-47D4-84E4-34B070E6F125}.Debug|Any CPU.Build.0 = Debug|Any CPU
		{7963A649-167F-47D4-84E4-34B070E6F125}.Release|Any CPU.ActiveCfg = Release|Any CPU
		{7963A649-167F-47D4-84E4-34B070E6F125}.Release|Any CPU.Build.0 = Release|Any CPU
		{0B627C41-146A-227C-6A97-F0B7879626DA}.Debug|Any CPU.ActiveCfg = Debug|Any CPU
		{0B627C41-146A-227C-6A97-F0B7879626DA}.Debug|Any CPU.Build.0 = Debug|Any CPU
		{0B627C41-146A-227C-6A97-F0B7879626DA}.Release|Any CPU.ActiveCfg = Release|Any CPU
		{0B627C41-146A-227C-6A97-F0B7879626DA}.Release|Any CPU.Build.0 = Release|Any CPU
	EndGlobalSection
	GlobalSection(SolutionProperties) = preSolution
		HideSolutionNode = FALSE
	EndGlobalSection
	GlobalSection(NestedProjects) = preSolution
		{C03416B7-91F8-4345-98E4-71B728E62EE8} = {02EA681E-C7D8-13C7-8484-4AC65E1B71E8}
		{8BFEEF0F-8731-490C-9B8C-D6069B6FC192} = {02EA681E-C7D8-13C7-8484-4AC65E1B71E8}
		{7963A649-167F-47D4-84E4-34B070E6F125} = {02EA681E-C7D8-13C7-8484-4AC65E1B71E8}
	EndGlobalSection
	GlobalSection(ExtensibilityGlobals) = postSolution
		SolutionGuid = {18839E30-EFBF-4403-AE1C-4AC58E958370}
	EndGlobalSection
EndGlobal
